
Microsoft Visual Studio Solution File, Format Version 12.00
# Visual Studio Version 17
VisualStudioVersion = 17.2.32602.215
MinimumVisualStudioVersion = 10.0.40219.1
Project("{FAE04EC0-301F-11D3-BF4B-00C04F79EFBC}") = "WebApplication7", "WebApplication7\WebApplication7.csproj", "{4F400767-8161-4890-95A7-CAEBCCA34E8B}"
EndProject
Global
	GlobalSection(SolutionConfigurationPlatforms) = preSolution
		Debug|Any CPU = Debug|Any CPU
		Release|Any CPU = Release|Any CPU
	EndGlobalSection
	GlobalSection(ProjectConfigurationPlatforms) = postSolution
		{4F400767-8161-4890-95A7-CAEBCCA34E8B}.Debug|Any CPU.ActiveCfg = Debug|Any CPU
		{4F400767-8161-4890-95A7-CAEBCCA34E8B}.Debug|Any CPU.Build.0 = Debug|Any CPU
		{4F400767-8161-4890-95A7-CAEBCCA34E8B}.Release|Any CPU.ActiveCfg = Release|Any CPU
		{4F400767-8161-4890-95A7-CAEBCCA34E8B}.Release|Any CPU.Build.0 = Release|Any CPU
	EndGlobalSection
	GlobalSection(SolutionProperties) = preSolution
		HideSolutionNode = FALSE
	EndGlobalSection
	GlobalSection(ExtensibilityGlobals) = postSolution
		SolutionGuid = {23F63004-B055-4289-BEA1-482F7E68724E}
	EndGlobalSection
EndGlobal
